
Microsoft Visual Studio Solution File, Format Version 12.00
# Visual Studio Version 17
VisualStudioVersion = 17.6.33801.468
MinimumVisualStudioVersion = 10.0.40219.1
Project("{FAE04EC0-301F-11D3-BF4B-00C04F79EFBC}") = "MVCCopilotDemo", "MVCCopilotDemo\MVCCopilotDemo.csproj", "{98967DAC-443B-4428-A1B2-36448FE26C12}"
EndProject
Global
	GlobalSection(SolutionConfigurationPlatforms) = preSolution
		Debug|Any CPU = Debug|Any CPU
		Release|Any CPU = Release|Any CPU
	EndGlobalSection
	GlobalSection(ProjectConfigurationPlatforms) = postSolution
		{98967DAC-443B-4428-A1B2-36448FE26C12}.Debug|Any CPU.ActiveCfg = Debug|Any CPU
		{98967DAC-443B-4428-A1B2-36448FE26C12}.Debug|Any CPU.Build.0 = Debug|Any CPU
		{98967DAC-443B-4428-A1B2-36448FE26C12}.Release|Any CPU.ActiveCfg = Release|Any CPU
		{98967DAC-443B-4428-A1B2-36448FE26C12}.Release|Any CPU.Build.0 = Release|Any CPU
	EndGlobalSection
	GlobalSection(SolutionProperties) = preSolution
		HideSolutionNode = FALSE
	EndGlobalSection
	GlobalSection(ExtensibilityGlobals) = postSolution
		SolutionGuid = {6AC1F1B7-8418-4E26-98AF-19F2CF257F4D}
	EndGlobalSection
EndGlobal
